// !$*UTF8*$!
{
	archiveVersion = 1;
	classes = {
	};
	objectVersion = 46;
	objects = {

/* Begin PBXBuildFile section */
		551FD2991966F41C0033774C /* Foundation.framework in Frameworks */ = {isa = PBXBuildFile; fileRef = 551FD2981966F41C0033774C /* Foundation.framework */; };
		551FD29B1966F41C0033774C /* CoreGraphics.framework in Frameworks */ = {isa = PBXBuildFile; fileRef = 551FD29A1966F41C0033774C /* CoreGraphics.framework */; };
		551FD29D1966F41C0033774C /* UIKit.framework in Frameworks */ = {isa = PBXBuildFile; fileRef = 551FD29C1966F41C0033774C /* UIKit.framework */; };
		551FD2A31966F41C0033774C /* InfoPlist.strings in Resources */ = {isa = PBXBuildFile; fileRef = 551FD2A11966F41C0033774C /* InfoPlist.strings */; };
		551FD2A51966F41C0033774C /* main.m in Sources */ = {isa = PBXBuildFile; fileRef = 551FD2A41966F41C0033774C /* main.m */; };
		551FD2A91966F41C0033774C /* AppDelegate.m in Sources */ = {isa = PBXBuildFile; fileRef = 551FD2A81966F41C0033774C /* AppDelegate.m */; };
		551FD2AC1966F41C0033774C /* Main.storyboard in Resources */ = {isa = PBXBuildFile; fileRef = 551FD2AA1966F41C0033774C /* Main.storyboard */; };
		551FD2AF1966F41C0033774C /* ViewController.m in Sources */ = {isa = PBXBuildFile; fileRef = 551FD2AE1966F41C0033774C /* ViewController.m */; };
		551FD2B11966F41C0033774C /* Images.xcassets in Resources */ = {isa = PBXBuildFile; fileRef = 551FD2B01966F41C0033774C /* Images.xcassets */; };
		551FD2B81966F41C0033774C /* XCTest.framework in Frameworks */ = {isa = PBXBuildFile; fileRef = 551FD2B71966F41C0033774C /* XCTest.framework */; };
		551FD2B91966F41C0033774C /* Foundation.framework in Frameworks */ = {isa = PBXBuildFile; fileRef = 551FD2981966F41C0033774C /* Foundation.framework */; };
		551FD2BA1966F41C0033774C /* UIKit.framework in Frameworks */ = {isa = PBXBuildFile; fileRef = 551FD29C1966F41C0033774C /* UIKit.framework */; };
		551FD2C21966F41C0033774C /* InfoPlist.strings in Resources */ = {isa = PBXBuildFile; fileRef = 551FD2C01966F41C0033774C /* InfoPlist.strings */; };
		551FD2C41966F41C0033774C /* LanguageManagerSampleTests.m in Sources */ = {isa = PBXBuildFile; fileRef = 551FD2C31966F41C0033774C /* LanguageManagerSampleTests.m */; };
		551FD2CF1966F43A0033774C /* LanguageManager.m in Sources */ = {isa = PBXBuildFile; fileRef = 551FD2CE1966F43A0033774C /* LanguageManager.m */; };
		551FD2D61966F7790033774C /* Texts.strings in Resources */ = {isa = PBXBuildFile; fileRef = 551FD2D81966F7790033774C /* Texts.strings */; };
/* End PBXBuildFile section */

/* Begin PBXContainerItemProxy section */
		551FD2BB1966F41C0033774C /* PBXContainerItemProxy */ = {
			isa = PBXContainerItemProxy;
			containerPortal = 551FD28D1966F41C0033774C /* Project object */;
			proxyType = 1;
			remoteGlobalIDString = 551FD2941966F41C0033774C;
			remoteInfo = LanguageManagerSample;
		};
/* End PBXContainerItemProxy section */

/* Begin PBXFileReference section */
		551FD2951966F41C0033774C /* LanguageManagerSample.app */ = {isa = PBXFileReference; explicitFileType = wrapper.application; includeInIndex = 0; path = LanguageManagerSample.app; sourceTree = BUILT_PRODUCTS_DIR; };
		551FD2981966F41C0033774C /* Foundation.framework */ = {isa = PBXFileReference; lastKnownFileType = wrapper.framework; name = Foundation.framework; path = System/Library/Frameworks/Foundation.framework; sourceTree = SDKROOT; };
		551FD29A1966F41C0033774C /* CoreGraphics.framework */ = {isa = PBXFileReference; lastKnownFileType = wrapper.framework; name = CoreGraphics.framework; path = System/Library/Frameworks/CoreGraphics.framework; sourceTree = SDKROOT; };
		551FD29C1966F41C0033774C /* UIKit.framework */ = {isa = PBXFileReference; lastKnownFileType = wrapper.framework; name = UIKit.framework; path = System/Library/Frameworks/UIKit.framework; sourceTree = SDKROOT; };
		551FD2A01966F41C0033774C /* LanguageManagerSample-Info.plist */ = {isa = PBXFileReference; lastKnownFileType = text.plist.xml; path = "LanguageManagerSample-Info.plist"; sourceTree = "<group>"; };
		551FD2A21966F41C0033774C /* en */ = {isa = PBXFileReference; lastKnownFileType = text.plist.strings; name = en; path = en.lproj/InfoPlist.strings; sourceTree = "<group>"; };
		551FD2A41966F41C0033774C /* main.m */ = {isa = PBXFileReference; lastKnownFileType = sourcecode.c.objc; path = main.m; sourceTree = "<group>"; };
		551FD2A61966F41C0033774C /* LanguageManagerSample-Prefix.pch */ = {isa = PBXFileReference; lastKnownFileType = sourcecode.c.h; path = "LanguageManagerSample-Prefix.pch"; sourceTree = "<group>"; };
		551FD2A71966F41C0033774C /* AppDelegate.h */ = {isa = PBXFileReference; lastKnownFileType = sourcecode.c.h; path = AppDelegate.h; sourceTree = "<group>"; };
		551FD2A81966F41C0033774C /* AppDelegate.m */ = {isa = PBXFileReference; lastKnownFileType = sourcecode.c.objc; path = AppDelegate.m; sourceTree = "<group>"; };
		551FD2AB1966F41C0033774C /* Base */ = {isa = PBXFileReference; lastKnownFileType = file.storyboard; name = Base; path = Base.lproj/Main.storyboard; sourceTree = "<group>"; };
		551FD2AD1966F41C0033774C /* ViewController.h */ = {isa = PBXFileReference; lastKnownFileType = sourcecode.c.h; path = ViewController.h; sourceTree = "<group>"; };
		551FD2AE1966F41C0033774C /* ViewController.m */ = {isa = PBXFileReference; lastKnownFileType = sourcecode.c.objc; path = ViewController.m; sourceTree = "<group>"; };
		551FD2B01966F41C0033774C /* Images.xcassets */ = {isa = PBXFileReference; lastKnownFileType = folder.assetcatalog; path = Images.xcassets; sourceTree = "<group>"; };
		551FD2B61966F41C0033774C /* LanguageManagerSampleTests.xctest */ = {isa = PBXFileReference; explicitFileType = wrapper.cfbundle; includeInIndex = 0; path = LanguageManagerSampleTests.xctest; sourceTree = BUILT_PRODUCTS_DIR; };
		551FD2B71966F41C0033774C /* XCTest.framework */ = {isa = PBXFileReference; lastKnownFileType = wrapper.framework; name = XCTest.framework; path = Library/Frameworks/XCTest.framework; sourceTree = DEVELOPER_DIR; };
		551FD2BF1966F41C0033774C /* LanguageManagerSampleTests-Info.plist */ = {isa = PBXFileReference; lastKnownFileType = text.plist.xml; path = "LanguageManagerSampleTests-Info.plist"; sourceTree = "<group>"; };
		551FD2C11966F41C0033774C /* en */ = {isa = PBXFileReference; lastKnownFileType = text.plist.strings; name = en; path = en.lproj/InfoPlist.strings; sourceTree = "<group>"; };
		551FD2C31966F41C0033774C /* LanguageManagerSampleTests.m */ = {isa = PBXFileReference; lastKnownFileType = sourcecode.c.objc; path = LanguageManagerSampleTests.m; sourceTree = "<group>"; };
		551FD2CD1966F43A0033774C /* LanguageManager.h */ = {isa = PBXFileReference; fileEncoding = 4; lastKnownFileType = sourcecode.c.h; path = LanguageManager.h; sourceTree = "<group>"; };
		551FD2CE1966F43A0033774C /* LanguageManager.m */ = {isa = PBXFileReference; fileEncoding = 4; lastKnownFileType = sourcecode.c.objc; path = LanguageManager.m; sourceTree = "<group>"; };
		551FD2D31966F7720033774C /* pl */ = {isa = PBXFileReference; lastKnownFileType = text.plist.strings; name = pl; path = pl.lproj/Main.strings; sourceTree = "<group>"; };
		551FD2D41966F7720033774C /* pl */ = {isa = PBXFileReference; lastKnownFileType = text.plist.strings; name = pl; path = pl.lproj/InfoPlist.strings; sourceTree = "<group>"; };
		551FD2D51966F7720033774C /* pl */ = {isa = PBXFileReference; lastKnownFileType = text.plist.strings; name = pl; path = pl.lproj/InfoPlist.strings; sourceTree = "<group>"; };
		551FD2D71966F7790033774C /* Base */ = {isa = PBXFileReference; lastKnownFileType = text.plist.strings; name = Base; path = Base.lproj/Texts.strings; sourceTree = "<group>"; };
		551FD2D91966F77C0033774C /* en */ = {isa = PBXFileReference; lastKnownFileType = text.plist.strings; name = en; path = en.lproj/Texts.strings; sourceTree = "<group>"; };
		551FD2DA1966F77D0033774C /* pl */ = {isa = PBXFileReference; lastKnownFileType = text.plist.strings; name = pl; path = pl.lproj/Texts.strings; sourceTree = "<group>"; };
/* End PBXFileReference section */

/* Begin PBXFrameworksBuildPhase section */
		551FD2921966F41C0033774C /* Frameworks */ = {
			isa = PBXFrameworksBuildPhase;
			buildActionMask = 2147483647;
			files = (
				551FD29B1966F41C0033774C /* CoreGraphics.framework in Frameworks */,
				551FD29D1966F41C0033774C /* UIKit.framework in Frameworks */,
				551FD2991966F41C0033774C /* Foundation.framework in Frameworks */,
			);
			runOnlyForDeploymentPostprocessing = 0;
		};
		551FD2B31966F41C0033774C /* Frameworks */ = {
			isa = PBXFrameworksBuildPhase;
			buildActionMask = 2147483647;
			files = (
				551FD2B81966F41C0033774C /* XCTest.framework in Frameworks */,
				551FD2BA1966F41C0033774C /* UIKit.framework in Frameworks */,
				551FD2B91966F41C0033774C /* Foundation.framework in Frameworks */,
			);
			runOnlyForDeploymentPostprocessing = 0;
		};
/* End PBXFrameworksBuildPhase section */

/* Begin PBXGroup section */
		551FD28C1966F41C0033774C = {
			isa = PBXGroup;
			children = (
				551FD29E1966F41C0033774C /* LanguageManagerSample */,
				551FD2BD1966F41C0033774C /* LanguageManagerSampleTests */,
				551FD2971966F41C0033774C /* Frameworks */,
				551FD2961966F41C0033774C /* Products */,
			);
			sourceTree = "<group>";
		};
		551FD2961966F41C0033774C /* Products */ = {
			isa = PBXGroup;
			children = (
				551FD2951966F41C0033774C /* LanguageManagerSample.app */,
				551FD2B61966F41C0033774C /* LanguageManagerSampleTests.xctest */,
			);
			name = Products;
			sourceTree = "<group>";
		};
		551FD2971966F41C0033774C /* Frameworks */ = {
			isa = PBXGroup;
			children = (
				551FD2981966F41C0033774C /* Foundation.framework */,
				551FD29A1966F41C0033774C /* CoreGraphics.framework */,
				551FD29C1966F41C0033774C /* UIKit.framework */,
				551FD2B71966F41C0033774C /* XCTest.framework */,
			);
			name = Frameworks;
			sourceTree = "<group>";
		};
		551FD29E1966F41C0033774C /* LanguageManagerSample */ = {
			isa = PBXGroup;
			children = (
				551FD2D01966F4690033774C /* LanguageManager classes */,
				551FD2D81966F7790033774C /* Texts.strings */,
				551FD2A71966F41C0033774C /* AppDelegate.h */,
				551FD2A81966F41C0033774C /* AppDelegate.m */,
				551FD2AA1966F41C0033774C /* Main.storyboard */,
				551FD2AD1966F41C0033774C /* ViewController.h */,
				551FD2AE1966F41C0033774C /* ViewController.m */,
				551FD2B01966F41C0033774C /* Images.xcassets */,
				551FD29F1966F41C0033774C /* Supporting Files */,
			);
			path = LanguageManagerSample;
			sourceTree = "<group>";
		};
		551FD29F1966F41C0033774C /* Supporting Files */ = {
			isa = PBXGroup;
			children = (
				551FD2A01966F41C0033774C /* LanguageManagerSample-Info.plist */,
				551FD2A11966F41C0033774C /* InfoPlist.strings */,
				551FD2A41966F41C0033774C /* main.m */,
				551FD2A61966F41C0033774C /* LanguageManagerSample-Prefix.pch */,
			);
			name = "Supporting Files";
			sourceTree = "<group>";
		};
		551FD2BD1966F41C0033774C /* LanguageManagerSampleTests */ = {
			isa = PBXGroup;
			children = (
				551FD2C31966F41C0033774C /* LanguageManagerSampleTests.m */,
				551FD2BE1966F41C0033774C /* Supporting Files */,
			);
			path = LanguageManagerSampleTests;
			sourceTree = "<group>";
		};
		551FD2BE1966F41C0033774C /* Supporting Files */ = {
			isa = PBXGroup;
			children = (
				551FD2BF1966F41C0033774C /* LanguageManagerSampleTests-Info.plist */,
				551FD2C01966F41C0033774C /* InfoPlist.strings */,
			);
			name = "Supporting Files";
			sourceTree = "<group>";
		};
		551FD2D01966F4690033774C /* LanguageManager classes */ = {
			isa = PBXGroup;
			children = (
				551FD2CD1966F43A0033774C /* LanguageManager.h */,
				551FD2CE1966F43A0033774C /* LanguageManager.m */,
			);
			name = "LanguageManager classes";
			sourceTree = "<group>";
		};
/* End PBXGroup section */

/* Begin PBXNativeTarget section */
		551FD2941966F41C0033774C /* LanguageManagerSample */ = {
			isa = PBXNativeTarget;
			buildConfigurationList = 551FD2C71966F41C0033774C /* Build configuration list for PBXNativeTarget "LanguageManagerSample" */;
			buildPhases = (
				551FD2911966F41C0033774C /* Sources */,
				551FD2921966F41C0033774C /* Frameworks */,
				551FD2931966F41C0033774C /* Resources */,
			);
			buildRules = (
			);
			dependencies = (
			);
			name = LanguageManagerSample;
			productName = LanguageManagerSample;
			productReference = 551FD2951966F41C0033774C /* LanguageManagerSample.app */;
			productType = "com.apple.product-type.application";
		};
		551FD2B51966F41C0033774C /* LanguageManagerSampleTests */ = {
			isa = PBXNativeTarget;
			buildConfigurationList = 551FD2CA1966F41C0033774C /* Build configuration list for PBXNativeTarget "LanguageManagerSampleTests" */;
			buildPhases = (
				551FD2B21966F41C0033774C /* Sources */,
				551FD2B31966F41C0033774C /* Frameworks */,
				551FD2B41966F41C0033774C /* Resources */,
			);
			buildRules = (
			);
			dependencies = (
				551FD2BC1966F41C0033774C /* PBXTargetDependency */,
			);
			name = LanguageManagerSampleTests;
			productName = LanguageManagerSampleTests;
			productReference = 551FD2B61966F41C0033774C /* LanguageManagerSampleTests.xctest */;
			productType = "com.apple.product-type.bundle.unit-test";
		};
/* End PBXNativeTarget section */

/* Begin PBXProject section */
		551FD28D1966F41C0033774C /* Project object */ = {
			isa = PBXProject;
			attributes = {
				LastUpgradeCheck = 0510;
				ORGANIZATIONNAME = "Paweł Sporysz";
				TargetAttributes = {
					551FD2B51966F41C0033774C = {
						TestTargetID = 551FD2941966F41C0033774C;
					};
				};
			};
			buildConfigurationList = 551FD2901966F41C0033774C /* Build configuration list for PBXProject "LanguageManagerSample" */;
			compatibilityVersion = "Xcode 3.2";
			developmentRegion = English;
			hasScannedForEncodings = 0;
			knownRegions = (
				en,
				Base,
				pl,
			);
			mainGroup = 551FD28C1966F41C0033774C;
			productRefGroup = 551FD2961966F41C0033774C /* Products */;
			projectDirPath = "";
			projectRoot = "";
			targets = (
				551FD2941966F41C0033774C /* LanguageManagerSample */,
				551FD2B51966F41C0033774C /* LanguageManagerSampleTests */,
			);
		};
/* End PBXProject section */

/* Begin PBXResourcesBuildPhase section */
		551FD2931966F41C0033774C /* Resources */ = {
			isa = PBXResourcesBuildPhase;
			buildActionMask = 2147483647;
			files = (
				551FD2B11966F41C0033774C /* Images.xcassets in Resources */,
				551FD2D61966F7790033774C /* Texts.strings in Resources */,
				551FD2A31966F41C0033774C /* InfoPlist.strings in Resources */,
				551FD2AC1966F41C0033774C /* Main.storyboard in Resources */,
			);
			runOnlyForDeploymentPostprocessing = 0;
		};
		551FD2B41966F41C0033774C /* Resources */ = {
			isa = PBXResourcesBuildPhase;
			buildActionMask = 2147483647;
			files = (
				551FD2C21966F41C0033774C /* InfoPlist.strings in Resources */,
			);
			runOnlyForDeploymentPostprocessing = 0;
		};
/* End PBXResourcesBuildPhase section */

/* Begin PBXSourcesBuildPhase section */
		551FD2911966F41C0033774C /* Sources */ = {
			isa = PBXSourcesBuildPhase;
			buildActionMask = 2147483647;
			files = (
				551FD2AF1966F41C0033774C /* ViewController.m in Sources */,
				551FD2A91966F41C0033774C /* AppDelegate.m in Sources */,
				551FD2CF1966F43A0033774C /* LanguageManager.m in Sources */,
				551FD2A51966F41C0033774C /* main.m in Sources */,
			);
			runOnlyForDeploymentPostprocessing = 0;
		};
		551FD2B21966F41C0033774C /* Sources */ = {
			isa = PBXSourcesBuildPhase;
			buildActionMask = 2147483647;
			files = (
				551FD2C41966F41C0033774C /* LanguageManagerSampleTests.m in Sources */,
			);
			runOnlyForDeploymentPostprocessing = 0;
		};
/* End PBXSourcesBuildPhase section */

/* Begin PBXTargetDependency section */
		551FD2BC1966F41C0033774C /* PBXTargetDependency */ = {
			isa = PBXTargetDependency;
			target = 551FD2941966F41C0033774C /* LanguageManagerSample */;
			targetProxy = 551FD2BB1966F41C0033774C /* PBXContainerItemProxy */;
		};
/* End PBXTargetDependency section */

/* Begin PBXVariantGroup section */
		551FD2A11966F41C0033774C /* InfoPlist.strings */ = {
			isa = PBXVariantGroup;
			children = (
				551FD2A21966F41C0033774C /* en */,
				551FD2D41966F7720033774C /* pl */,
			);
			name = InfoPlist.strings;
			sourceTree = "<group>";
		};
		551FD2AA1966F41C0033774C /* Main.storyboard */ = {
			isa = PBXVariantGroup;
			children = (
				551FD2AB1966F41C0033774C /* Base */,
				551FD2D31966F7720033774C /* pl */,
			);
			name = Main.storyboard;
			sourceTree = "<group>";
		};
		551FD2C01966F41C0033774C /* InfoPlist.strings */ = {
			isa = PBXVariantGroup;
			children = (
				551FD2C11966F41C0033774C /* en */,
				551FD2D51966F7720033774C /* pl */,
			);
			name = InfoPlist.strings;
			sourceTree = "<group>";
		};
		551FD2D81966F7790033774C /* Texts.strings */ = {
			isa = PBXVariantGroup;
			children = (
				551FD2D71966F7790033774C /* Base */,
				551FD2D91966F77C0033774C /* en */,
				551FD2DA1966F77D0033774C /* pl */,
			);
			name = Texts.strings;
			sourceTree = "<group>";
		};
/* End PBXVariantGroup section */

/* Begin XCBuildConfiguration section */
		551FD2C51966F41C0033774C /* Debug */ = {
			isa = XCBuildConfiguration;
			buildSettings = {
				ALWAYS_SEARCH_USER_PATHS = NO;
				CLANG_CXX_LANGUAGE_STANDARD = "gnu++0x";
				CLANG_CXX_LIBRARY = "libc++";
				CLANG_ENABLE_MODULES = YES;
				CLANG_ENABLE_OBJC_ARC = YES;
				CLANG_WARN_BOOL_CONVERSION = YES;
				CLANG_WARN_CONSTANT_CONVERSION = YES;
				CLANG_WARN_DIRECT_OBJC_ISA_USAGE = YES_ERROR;
				CLANG_WARN_EMPTY_BODY = YES;
				CLANG_WARN_ENUM_CONVERSION = YES;
				CLANG_WARN_INT_CONVERSION = YES;
				CLANG_WARN_OBJC_ROOT_CLASS = YES_ERROR;
				CLANG_WARN__DUPLICATE_METHOD_MATCH = YES;
				"CODE_SIGN_IDENTITY[sdk=iphoneos*]" = "iPhone Developer";
				COPY_PHASE_STRIP = NO;
				GCC_C_LANGUAGE_STANDARD = gnu99;
				GCC_DYNAMIC_NO_PIC = NO;
				GCC_OPTIMIZATION_LEVEL = 0;
				GCC_PREPROCESSOR_DEFINITIONS = (
					"DEBUG=1",
					"$(inherited)",
				);
				GCC_SYMBOLS_PRIVATE_EXTERN = NO;
				GCC_WARN_64_TO_32_BIT_CONVERSION = YES;
				GCC_WARN_ABOUT_RETURN_TYPE = YES_ERROR;
				GCC_WARN_UNDECLARED_SELECTOR = YES;
				GCC_WARN_UNINITIALIZED_AUTOS = YES_AGGRESSIVE;
				GCC_WARN_UNUSED_FUNCTION = YES;
				GCC_WARN_UNUSED_VARIABLE = YES;
				IPHONEOS_DEPLOYMENT_TARGET = 7.1;
				ONLY_ACTIVE_ARCH = YES;
				SDKROOT = iphoneos;
			};
			name = Debug;
		};
		551FD2C61966F41C0033774C /* Release */ = {
			isa = XCBuildConfiguration;
			buildSettings = {
				ALWAYS_SEARCH_USER_PATHS = NO;
				CLANG_CXX_LANGUAGE_STANDARD = "gnu++0x";
				CLANG_CXX_LIBRARY = "libc++";
				CLANG_ENABLE_MODULES = YES;
				CLANG_ENABLE_OBJC_ARC = YES;
				CLANG_WARN_BOOL_CONVERSION = YES;
				CLANG_WARN_CONSTANT_CONVERSION = YES;
				CLANG_WARN_DIRECT_OBJC_ISA_USAGE = YES_ERROR;
				CLANG_WARN_EMPTY_BODY = YES;
				CLANG_WARN_ENUM_CONVERSION = YES;
				CLANG_WARN_INT_CONVERSION = YES;
				CLANG_WARN_OBJC_ROOT_CLASS = YES_ERROR;
				CLANG_WARN__DUPLICATE_METHOD_MATCH = YES;
				"CODE_SIGN_IDENTITY[sdk=iphoneos*]" = "iPhone Developer";
				COPY_PHASE_STRIP = YES;
				ENABLE_NS_ASSERTIONS = NO;
				GCC_C_LANGUAGE_STANDARD = gnu99;
				GCC_WARN_64_TO_32_BIT_CONVERSION = YES;
				GCC_WARN_ABOUT_RETURN_TYPE = YES_ERROR;
				GCC_WARN_UNDECLARED_SELECTOR = YES;
				GCC_WARN_UNINITIALIZED_AUTOS = YES_AGGRESSIVE;
				GCC_WARN_UNUSED_FUNCTION = YES;
				GCC_WARN_UNUSED_VARIABLE = YES;
				IPHONEOS_DEPLOYMENT_TARGET = 7.1;
				SDKROOT = iphoneos;
				VALIDATE_PRODUCT = YES;
			};
			name = Release;
		};
		551FD2C81966F41C0033774C /* Debug */ = {
			isa = XCBuildConfiguration;
			buildSettings = {
				ASSETCATALOG_COMPILER_APPICON_NAME = AppIcon;
				ASSETCATALOG_COMPILER_LAUNCHIMAGE_NAME = LaunchImage;
				GCC_PRECOMPILE_PREFIX_HEADER = YES;
				GCC_PREFIX_HEADER = "LanguageManagerSample/LanguageManagerSample-Prefix.pch";
				INFOPLIST_FILE = "LanguageManagerSample/LanguageManagerSample-Info.plist";
				PRODUCT_NAME = "$(TARGET_NAME)";
				WRAPPER_EXTENSION = app;
			};
			name = Debug;
		};
		551FD2C91966F41C0033774C /* Release */ = {
			isa = XCBuildConfiguration;
			buildSettings = {
				ASSETCATALOG_COMPILER_APPICON_NAME = AppIcon;
				ASSETCATALOG_COMPILER_LAUNCHIMAGE_NAME = LaunchImage;
				GCC_PRECOMPILE_PREFIX_HEADER = YES;
				GCC_PREFIX_HEADER = "LanguageManagerSample/LanguageManagerSample-Prefix.pch";
				INFOPLIST_FILE = "LanguageManagerSample/LanguageManagerSample-Info.plist";
				PRODUCT_NAME = "$(TARGET_NAME)";
				WRAPPER_EXTENSION = app;
			};
			name = Release;
		};
		551FD2CB1966F41C0033774C /* Debug */ = {
			isa = XCBuildConfiguration;
			buildSettings = {
				BUNDLE_LOADER = "$(BUILT_PRODUCTS_DIR)/LanguageManagerSample.app/LanguageManagerSample";
				FRAMEWORK_SEARCH_PATHS = (
					"$(SDKROOT)/Developer/Library/Frameworks",
					"$(inherited)",
					"$(DEVELOPER_FRAMEWORKS_DIR)",
				);
				GCC_PRECOMPILE_PREFIX_HEADER = YES;
				GCC_PREFIX_HEADER = "LanguageManagerSample/LanguageManagerSample-Prefix.pch";
				GCC_PREPROCESSOR_DEFINITIONS = (
					"DEBUG=1",
					"$(inherited)",
				);
				INFOPLIST_FILE = "LanguageManagerSampleTests/LanguageManagerSampleTests-Info.plist";
				PRODUCT_NAME = "$(TARGET_NAME)";
				TEST_HOST = "$(BUNDLE_LOADER)";
				WRAPPER_EXTENSION = xctest;
			};
			name = Debug;
		};
		551FD2CC1966F41C0033774C /* Release */ = {
			isa = XCBuildConfiguration;
			buildSettings = {
				BUNDLE_LOADER = "$(BUILT_PRODUCTS_DIR)/LanguageManagerSample.app/LanguageManagerSample";
				FRAMEWORK_SEARCH_PATHS = (
					"$(SDKROOT)/Developer/Library/Frameworks",
					"$(inherited)",
					"$(DEVELOPER_FRAMEWORKS_DIR)",
				);
				GCC_PRECOMPILE_PREFIX_HEADER = YES;
				GCC_PREFIX_HEADER = "LanguageManagerSample/LanguageManagerSample-Prefix.pch";
				INFOPLIST_FILE = "LanguageManagerSampleTests/LanguageManagerSampleTests-Info.plist";
				PRODUCT_NAME = "$(TARGET_NAME)";
				TEST_HOST = "$(BUNDLE_LOADER)";
				WRAPPER_EXTENSION = xctest;
			};
			name = Release;
		};
/* End XCBuildConfiguration section */

/* Begin XCConfigurationList section */
		551FD2901966F41C0033774C /* Build configuration list for PBXProject "LanguageManagerSample" */ = {
			isa = XCConfigurationList;
			buildConfigurations = (
				551FD2C51966F41C0033774C /* Debug */,
				551FD2C61966F41C0033774C /* Release */,
			);
			defaultConfigurationIsVisible = 0;
			defaultConfigurationName = Release;
		};
		551FD2C71966F41C0033774C /* Build configuration list for PBXNativeTarget "LanguageManagerSample" */ = {
			isa = XCConfigurationList;
			buildConfigurations = (
				551FD2C81966F41C0033774C /* Debug */,
				551FD2C91966F41C0033774C /* Release */,
			);
			defaultConfigurationIsVisible = 0;
		};
		551FD2CA1966F41C0033774C /* Build configuration list for PBXNativeTarget "LanguageManagerSampleTests" */ = {
			isa = XCConfigurationList;
			buildConfigurations = (
				551FD2CB1966F41C0033774C /* Debug */,
				551FD2CC1966F41C0033774C /* Release */,
			);
			defaultConfigurationIsVisible = 0;
		};
/* End XCConfigurationList section */
	};
	rootObject = 551FD28D1966F41C0033774C /* Project object */;
}
